// !$*UTF8*$!
{
	archiveVersion = 1;
	classes = {
	};
	objectVersion = 50;
	objects = {

/* Begin PBXBuildFile section */
		B86C9F092203BA55001D645C /* AppDelegate.swift in Sources */ = {isa = PBXBuildFile; fileRef = B86C9F082203BA55001D645C /* AppDelegate.swift */; };
		B86C9F0B2203BA55001D645C /* ViewController.swift in Sources */ = {isa = PBXBuildFile; fileRef = B86C9F0A2203BA55001D645C /* ViewController.swift */; };
		B86C9F0E2203BA55001D645C /* Main.storyboard in Resources */ = {isa = PBXBuildFile; fileRef = B86C9F0C2203BA55001D645C /* Main.storyboard */; };
		B86C9F102203BA56001D645C /* Assets.xcassets in Resources */ = {isa = PBXBuildFile; fileRef = B86C9F0F2203BA56001D645C /* Assets.xcassets */; };
		B86C9F132203BA56001D645C /* LaunchScreen.storyboard in Resources */ = {isa = PBXBuildFile; fileRef = B86C9F112203BA56001D645C /* LaunchScreen.storyboard */; };
		B86C9F1E2203BA56001D645C /* TempConverterTests.swift in Sources */ = {isa = PBXBuildFile; fileRef = B86C9F1D2203BA56001D645C /* TempConverterTests.swift */; };
		B86C9F292203BA56001D645C /* TempConverterUITests.swift in Sources */ = {isa = PBXBuildFile; fileRef = B86C9F282203BA56001D645C /* TempConverterUITests.swift */; };
/* End PBXBuildFile section */

/* Begin PBXContainerItemProxy section */
		B86C9F1A2203BA56001D645C /* PBXContainerItemProxy */ = {
			isa = PBXContainerItemProxy;
			containerPortal = B86C9EFD2203BA55001D645C /* Project object */;
			proxyType = 1;
			remoteGlobalIDString = B86C9F042203BA55001D645C;
			remoteInfo = TempConverter;
		};
		B86C9F252203BA56001D645C /* PBXContainerItemProxy */ = {
			isa = PBXContainerItemProxy;
			containerPortal = B86C9EFD2203BA55001D645C /* Project object */;
			proxyType = 1;
			remoteGlobalIDString = B86C9F042203BA55001D645C;
			remoteInfo = TempConverter;
		};
/* End PBXContainerItemProxy section */

/* Begin PBXFileReference section */
		B86C9F052203BA55001D645C /* TempConverter.app */ = {isa = PBXFileReference; explicitFileType = wrapper.application; includeInIndex = 0; path = TempConverter.app; sourceTree = BUILT_PRODUCTS_DIR; };
		B86C9F082203BA55001D645C /* AppDelegate.swift */ = {isa = PBXFileReference; lastKnownFileType = sourcecode.swift; path = AppDelegate.swift; sourceTree = "<group>"; };
		B86C9F0A2203BA55001D645C /* ViewController.swift */ = {isa = PBXFileReference; lastKnownFileType = sourcecode.swift; path = ViewController.swift; sourceTree = "<group>"; };
		B86C9F0D2203BA55001D645C /* Base */ = {isa = PBXFileReference; lastKnownFileType = file.storyboard; name = Base; path = Base.lproj/Main.storyboard; sourceTree = "<group>"; };
		B86C9F0F2203BA56001D645C /* Assets.xcassets */ = {isa = PBXFileReference; lastKnownFileType = folder.assetcatalog; path = Assets.xcassets; sourceTree = "<group>"; };
		B86C9F122203BA56001D645C /* Base */ = {isa = PBXFileReference; lastKnownFileType = file.storyboard; name = Base; path = Base.lproj/LaunchScreen.storyboard; sourceTree = "<group>"; };
		B86C9F142203BA56001D645C /* Info.plist */ = {isa = PBXFileReference; lastKnownFileType = text.plist.xml; path = Info.plist; sourceTree = "<group>"; };
		B86C9F192203BA56001D645C /* TempConverterTests.xctest */ = {isa = PBXFileReference; explicitFileType = wrapper.cfbundle; includeInIndex = 0; path = TempConverterTests.xctest; sourceTree = BUILT_PRODUCTS_DIR; };
		B86C9F1D2203BA56001D645C /* TempConverterTests.swift */ = {isa = PBXFileReference; lastKnownFileType = sourcecode.swift; path = TempConverterTests.swift; sourceTree = "<group>"; };
		B86C9F1F2203BA56001D645C /* Info.plist */ = {isa = PBXFileReference; lastKnownFileType = text.plist.xml; path = Info.plist; sourceTree = "<group>"; };
		B86C9F242203BA56001D645C /* TempConverterUITests.xctest */ = {isa = PBXFileReference; explicitFileType = wrapper.cfbundle; includeInIndex = 0; path = TempConverterUITests.xctest; sourceTree = BUILT_PRODUCTS_DIR; };
		B86C9F282203BA56001D645C /* TempConverterUITests.swift */ = {isa = PBXFileReference; lastKnownFileType = sourcecode.swift; path = TempConverterUITests.swift; sourceTree = "<group>"; };
		B86C9F2A2203BA56001D645C /* Info.plist */ = {isa = PBXFileReference; lastKnownFileType = text.plist.xml; path = Info.plist; sourceTree = "<group>"; };
/* End PBXFileReference section */

/* Begin PBXFrameworksBuildPhase section */
		B86C9F022203BA55001D645C /* Frameworks */ = {
			isa = PBXFrameworksBuildPhase;
			buildActionMask = 2147483647;
			files = (
			);
			runOnlyForDeploymentPostprocessing = 0;
		};
		B86C9F162203BA56001D645C /* Frameworks */ = {
			isa = PBXFrameworksBuildPhase;
			buildActionMask = 2147483647;
			files = (
			);
			runOnlyForDeploymentPostprocessing = 0;
		};
		B86C9F212203BA56001D645C /* Frameworks */ = {
			isa = PBXFrameworksBuildPhase;
			buildActionMask = 2147483647;
			files = (
			);
			runOnlyForDeploymentPostprocessing = 0;
		};
/* End PBXFrameworksBuildPhase section */

/* Begin PBXGroup section */
		B86C9EFC2203BA55001D645C = {
			isa = PBXGroup;
			children = (
				B86C9F072203BA55001D645C /* TempConverter */,
				B86C9F1C2203BA56001D645C /* TempConverterTests */,
				B86C9F272203BA56001D645C /* TempConverterUITests */,
				B86C9F062203BA55001D645C /* Products */,
			);
			sourceTree = "<group>";
		};
		B86C9F062203BA55001D645C /* Products */ = {
			isa = PBXGroup;
			children = (
				B86C9F052203BA55001D645C /* TempConverter.app */,
				B86C9F192203BA56001D645C /* TempConverterTests.xctest */,
				B86C9F242203BA56001D645C /* TempConverterUITests.xctest */,
			);
			name = Products;
			sourceTree = "<group>";
		};
		B86C9F072203BA55001D645C /* TempConverter */ = {
			isa = PBXGroup;
			children = (
				B86C9F082203BA55001D645C /* AppDelegate.swift */,
				B86C9F0A2203BA55001D645C /* ViewController.swift */,
				B86C9F0C2203BA55001D645C /* Main.storyboard */,
				B86C9F0F2203BA56001D645C /* Assets.xcassets */,
				B86C9F112203BA56001D645C /* LaunchScreen.storyboard */,
				B86C9F142203BA56001D645C /* Info.plist */,
			);
			path = TempConverter;
			sourceTree = "<group>";
		};
		B86C9F1C2203BA56001D645C /* TempConverterTests */ = {
			isa = PBXGroup;
			children = (
				B86C9F1D2203BA56001D645C /* TempConverterTests.swift */,
				B86C9F1F2203BA56001D645C /* Info.plist */,
			);
			path = TempConverterTests;
			sourceTree = "<group>";
		};
		B86C9F272203BA56001D645C /* TempConverterUITests */ = {
			isa = PBXGroup;
			children = (
				B86C9F282203BA56001D645C /* TempConverterUITests.swift */,
				B86C9F2A2203BA56001D645C /* Info.plist */,
			);
			path = TempConverterUITests;
			sourceTree = "<group>";
		};
/* End PBXGroup section */

/* Begin PBXNativeTarget section */
		B86C9F042203BA55001D645C /* TempConverter */ = {
			isa = PBXNativeTarget;
			buildConfigurationList = B86C9F2D2203BA56001D645C /* Build configuration list for PBXNativeTarget "TempConverter" */;
			buildPhases = (
				B86C9F012203BA55001D645C /* Sources */,
				B86C9F022203BA55001D645C /* Frameworks */,
				B86C9F032203BA55001D645C /* Resources */,
			);
			buildRules = (
			);
			dependencies = (
			);
			name = TempConverter;
			productName = TempConverter;
			productReference = B86C9F052203BA55001D645C /* TempConverter.app */;
			productType = "com.apple.product-type.application";
		};
		B86C9F182203BA56001D645C /* TempConverterTests */ = {
			isa = PBXNativeTarget;
			buildConfigurationList = B86C9F302203BA56001D645C /* Build configuration list for PBXNativeTarget "TempConverterTests" */;
			buildPhases = (
				B86C9F152203BA56001D645C /* Sources */,
				B86C9F162203BA56001D645C /* Frameworks */,
				B86C9F172203BA56001D645C /* Resources */,
			);
			buildRules = (
			);
			dependencies = (
				B86C9F1B2203BA56001D645C /* PBXTargetDependency */,
			);
			name = TempConverterTests;
			productName = TempConverterTests;
			productReference = B86C9F192203BA56001D645C /* TempConverterTests.xctest */;
			productType = "com.apple.product-type.bundle.unit-test";
		};
		B86C9F232203BA56001D645C /* TempConverterUITests */ = {
			isa = PBXNativeTarget;
			buildConfigurationList = B86C9F332203BA56001D645C /* Build configuration list for PBXNativeTarget "TempConverterUITests" */;
			buildPhases = (
				B86C9F202203BA56001D645C /* Sources */,
				B86C9F212203BA56001D645C /* Frameworks */,
				B86C9F222203BA56001D645C /* Resources */,
			);
			buildRules = (
			);
			dependencies = (
				B86C9F262203BA56001D645C /* PBXTargetDependency */,
			);
			name = TempConverterUITests;
			productName = TempConverterUITests;
			productReference = B86C9F242203BA56001D645C /* TempConverterUITests.xctest */;
			productType = "com.apple.product-type.bundle.ui-testing";
		};
/* End PBXNativeTarget section */

/* Begin PBXProject section */
		B86C9EFD2203BA55001D645C /* Project object */ = {
			isa = PBXProject;
			attributes = {
				LastSwiftUpdateCheck = 1010;
				LastUpgradeCheck = 1010;
				ORGANIZATIONNAME = "Josh Kleinschmidt";
				TargetAttributes = {
					B86C9F042203BA55001D645C = {
						CreatedOnToolsVersion = 10.1;
					};
					B86C9F182203BA56001D645C = {
						CreatedOnToolsVersion = 10.1;
						TestTargetID = B86C9F042203BA55001D645C;
					};
					B86C9F232203BA56001D645C = {
						CreatedOnToolsVersion = 10.1;
						TestTargetID = B86C9F042203BA55001D645C;
					};
				};
			};
			buildConfigurationList = B86C9F002203BA55001D645C /* Build configuration list for PBXProject "TempConverter" */;
			compatibilityVersion = "Xcode 9.3";
			developmentRegion = en;
			hasScannedForEncodings = 0;
			knownRegions = (
				en,
				Base,
			);
			mainGroup = B86C9EFC2203BA55001D645C;
			productRefGroup = B86C9F062203BA55001D645C /* Products */;
			projectDirPath = "";
			projectRoot = "";
			targets = (
				B86C9F042203BA55001D645C /* TempConverter */,
				B86C9F182203BA56001D645C /* TempConverterTests */,
				B86C9F232203BA56001D645C /* TempConverterUITests */,
			);
		};
/* End PBXProject section */

/* Begin PBXResourcesBuildPhase section */
		B86C9F032203BA55001D645C /* Resources */ = {
			isa = PBXResourcesBuildPhase;
			buildActionMask = 2147483647;
			files = (
				B86C9F132203BA56001D645C /* LaunchScreen.storyboard in Resources */,
				B86C9F102203BA56001D645C /* Assets.xcassets in Resources */,
				B86C9F0E2203BA55001D645C /* Main.storyboard in Resources */,
			);
			runOnlyForDeploymentPostprocessing = 0;
		};
		B86C9F172203BA56001D645C /* Resources */ = {
			isa = PBXResourcesBuildPhase;
			buildActionMask = 2147483647;
			files = (
			);
			runOnlyForDeploymentPostprocessing = 0;
		};
		B86C9F222203BA56001D645C /* Resources */ = {
			isa = PBXResourcesBuildPhase;
			buildActionMask = 2147483647;
			files = (
			);
			runOnlyForDeploymentPostprocessing = 0;
		};
/* End PBXResourcesBuildPhase section */

/* Begin PBXSourcesBuildPhase section */
		B86C9F012203BA55001D645C /* Sources */ = {
			isa = PBXSourcesBuildPhase;
			buildActionMask = 2147483647;
			files = (
				B86C9F0B2203BA55001D645C /* ViewController.swift in Sources */,
				B86C9F092203BA55001D645C /* AppDelegate.swift in Sources */,
			);
			runOnlyForDeploymentPostprocessing = 0;
		};
		B86C9F152203BA56001D645C /* Sources */ = {
			isa = PBXSourcesBuildPhase;
			buildActionMask = 2147483647;
			files = (
				B86C9F1E2203BA56001D645C /* TempConverterTests.swift in Sources */,
			);
			runOnlyForDeploymentPostprocessing = 0;
		};
		B86C9F202203BA56001D645C /* Sources */ = {
			isa = PBXSourcesBuildPhase;
			buildActionMask = 2147483647;
			files = (
				B86C9F292203BA56001D645C /* TempConverterUITests.swift in Sources */,
			);
			runOnlyForDeploymentPostprocessing = 0;
		};
/* End PBXSourcesBuildPhase section */

/* Begin PBXTargetDependency section */
		B86C9F1B2203BA56001D645C /* PBXTargetDependency */ = {
			isa = PBXTargetDependency;
			target = B86C9F042203BA55001D645C /* TempConverter */;
			targetProxy = B86C9F1A2203BA56001D645C /* PBXContainerItemProxy */;
		};
		B86C9F262203BA56001D645C /* PBXTargetDependency */ = {
			isa = PBXTargetDependency;
			target = B86C9F042203BA55001D645C /* TempConverter */;
			targetProxy = B86C9F252203BA56001D645C /* PBXContainerItemProxy */;
		};
/* End PBXTargetDependency section */

/* Begin PBXVariantGroup section */
		B86C9F0C2203BA55001D645C /* Main.storyboard */ = {
			isa = PBXVariantGroup;
			children = (
				B86C9F0D2203BA55001D645C /* Base */,
			);
			name = Main.storyboard;
			sourceTree = "<group>";
		};
		B86C9F112203BA56001D645C /* LaunchScreen.storyboard */ = {
			isa = PBXVariantGroup;
			children = (
				B86C9F122203BA56001D645C /* Base */,
			);
			name = LaunchScreen.storyboard;
			sourceTree = "<group>";
		};
/* End PBXVariantGroup section */

/* Begin XCBuildConfiguration section */
		B86C9F2B2203BA56001D645C /* Debug */ = {
			isa = XCBuildConfiguration;
			buildSettings = {
				ALWAYS_SEARCH_USER_PATHS = NO;
				CLANG_ANALYZER_NONNULL = YES;
				CLANG_ANALYZER_NUMBER_OBJECT_CONVERSION = YES_AGGRESSIVE;
				CLANG_CXX_LANGUAGE_STANDARD = "gnu++14";
				CLANG_CXX_LIBRARY = "libc++";
				CLANG_ENABLE_MODULES = YES;
				CLANG_ENABLE_OBJC_ARC = YES;
				CLANG_ENABLE_OBJC_WEAK = YES;
				CLANG_WARN_BLOCK_CAPTURE_AUTORELEASING = YES;
				CLANG_WARN_BOOL_CONVERSION = YES;
				CLANG_WARN_COMMA = YES;
				CLANG_WARN_CONSTANT_CONVERSION = YES;
				CLANG_WARN_DEPRECATED_OBJC_IMPLEMENTATIONS = YES;
				CLANG_WARN_DIRECT_OBJC_ISA_USAGE = YES_ERROR;
				CLANG_WARN_DOCUMENTATION_COMMENTS = YES;
				CLANG_WARN_EMPTY_BODY = YES;
				CLANG_WARN_ENUM_CONVERSION = YES;
				CLANG_WARN_INFINITE_RECURSION = YES;
				CLANG_WARN_INT_CONVERSION = YES;
				CLANG_WARN_NON_LITERAL_NULL_CONVERSION = YES;
				CLANG_WARN_OBJC_IMPLICIT_RETAIN_SELF = YES;
				CLANG_WARN_OBJC_LITERAL_CONVERSION = YES;
				CLANG_WARN_OBJC_ROOT_CLASS = YES_ERROR;
				CLANG_WARN_RANGE_LOOP_ANALYSIS = YES;
				CLANG_WARN_STRICT_PROTOTYPES = YES;
				CLANG_WARN_SUSPICIOUS_MOVE = YES;
				CLANG_WARN_UNGUARDED_AVAILABILITY = YES_AGGRESSIVE;
				CLANG_WARN_UNREACHABLE_CODE = YES;
				CLANG_WARN__DUPLICATE_METHOD_MATCH = YES;
				CODE_SIGN_IDENTITY = "iPhone Developer";
				COPY_PHASE_STRIP = NO;
				DEBUG_INFORMATION_FORMAT = dwarf;
				ENABLE_STRICT_OBJC_MSGSEND = YES;
				ENABLE_TESTABILITY = YES;
				GCC_C_LANGUAGE_STANDARD = gnu11;
				GCC_DYNAMIC_NO_PIC = NO;
				GCC_NO_COMMON_BLOCKS = YES;
				GCC_OPTIMIZATION_LEVEL = 0;
				GCC_PREPROCESSOR_DEFINITIONS = (
					"DEBUG=1",
					"$(inherited)",
				);
				GCC_WARN_64_TO_32_BIT_CONVERSION = YES;
				GCC_WARN_ABOUT_RETURN_TYPE = YES_ERROR;
				GCC_WARN_UNDECLARED_SELECTOR = YES;
				GCC_WARN_UNINITIALIZED_AUTOS = YES_AGGRESSIVE;
				GCC_WARN_UNUSED_FUNCTION = YES;
				GCC_WARN_UNUSED_VARIABLE = YES;
				IPHONEOS_DEPLOYMENT_TARGET = 12.1;
				MTL_ENABLE_DEBUG_INFO = INCLUDE_SOURCE;
				MTL_FAST_MATH = YES;
				ONLY_ACTIVE_ARCH = YES;
				SDKROOT = iphoneos;
				SWIFT_ACTIVE_COMPILATION_CONDITIONS = DEBUG;
				SWIFT_OPTIMIZATION_LEVEL = "-Onone";
			};
			name = Debug;
		};
		B86C9F2C2203BA56001D645C /* Release */ = {
			isa = XCBuildConfiguration;
			buildSettings = {
				ALWAYS_SEARCH_USER_PATHS = NO;
				CLANG_ANALYZER_NONNULL = YES;
				CLANG_ANALYZER_NUMBER_OBJECT_CONVERSION = YES_AGGRESSIVE;
				CLANG_CXX_LANGUAGE_STANDARD = "gnu++14";
				CLANG_CXX_LIBRARY = "libc++";
				CLANG_ENABLE_MODULES = YES;
				CLANG_ENABLE_OBJC_ARC = YES;
				CLANG_ENABLE_OBJC_WEAK = YES;
				CLANG_WARN_BLOCK_CAPTURE_AUTORELEASING = YES;
				CLANG_WARN_BOOL_CONVERSION = YES;
				CLANG_WARN_COMMA = YES;
				CLANG_WARN_CONSTANT_CONVERSION = YES;
				CLANG_WARN_DEPRECATED_OBJC_IMPLEMENTATIONS = YES;
				CLANG_WARN_DIRECT_OBJC_ISA_USAGE = YES_ERROR;
				CLANG_WARN_DOCUMENTATION_COMMENTS = YES;
				CLANG_WARN_EMPTY_BODY = YES;
				CLANG_WARN_ENUM_CONVERSION = YES;
				CLANG_WARN_INFINITE_RECURSION = YES;
				CLANG_WARN_INT_CONVERSION = YES;
				CLANG_WARN_NON_LITERAL_NULL_CONVERSION = YES;
				CLANG_WARN_OBJC_IMPLICIT_RETAIN_SELF = YES;
				CLANG_WARN_OBJC_LITERAL_CONVERSION = YES;
				CLANG_WARN_OBJC_ROOT_CLASS = YES_ERROR;
				CLANG_WARN_RANGE_LOOP_ANALYSIS = YES;
				CLANG_WARN_STRICT_PROTOTYPES = YES;
				CLANG_WARN_SUSPICIOUS_MOVE = YES;
				CLANG_WARN_UNGUARDED_AVAILABILITY = YES_AGGRESSIVE;
				CLANG_WARN_UNREACHABLE_CODE = YES;
				CLANG_WARN__DUPLICATE_METHOD_MATCH = YES;
				CODE_SIGN_IDENTITY = "iPhone Developer";
				COPY_PHASE_STRIP = NO;
				DEBUG_INFORMATION_FORMAT = "dwarf-with-dsym";
				ENABLE_NS_ASSERTIONS = NO;
				ENABLE_STRICT_OBJC_MSGSEND = YES;
				GCC_C_LANGUAGE_STANDARD = gnu11;
				GCC_NO_COMMON_BLOCKS = YES;
				GCC_WARN_64_TO_32_BIT_CONVERSION = YES;
				GCC_WARN_ABOUT_RETURN_TYPE = YES_ERROR;
				GCC_WARN_UNDECLARED_SELECTOR = YES;
				GCC_WARN_UNINITIALIZED_AUTOS = YES_AGGRESSIVE;
				GCC_WARN_UNUSED_FUNCTION = YES;
				GCC_WARN_UNUSED_VARIABLE = YES;
				IPHONEOS_DEPLOYMENT_TARGET = 12.1;
				MTL_ENABLE_DEBUG_INFO = NO;
				MTL_FAST_MATH = YES;
				SDKROOT = iphoneos;
				SWIFT_COMPILATION_MODE = wholemodule;
				SWIFT_OPTIMIZATION_LEVEL = "-O";
				VALIDATE_PRODUCT = YES;
			};
			name = Release;
		};
		B86C9F2E2203BA56001D645C /* Debug */ = {
			isa = XCBuildConfiguration;
			buildSettings = {
				ASSETCATALOG_COMPILER_APPICON_NAME = AppIcon;
				CODE_SIGN_STYLE = Automatic;
				INFOPLIST_FILE = TempConverter/Info.plist;
				LD_RUNPATH_SEARCH_PATHS = (
					"$(inherited)",
					"@executable_path/Frameworks",
				);
				PRODUCT_BUNDLE_IDENTIFIER = tempconverter.TempConverter;
				PRODUCT_NAME = "$(TARGET_NAME)";
				SWIFT_VERSION = 4.2;
				TARGETED_DEVICE_FAMILY = "1,2";
			};
			name = Debug;
		};
		B86C9F2F2203BA56001D645C /* Release */ = {
			isa = XCBuildConfiguration;
			buildSettings = {
				ASSETCATALOG_COMPILER_APPICON_NAME = AppIcon;
				CODE_SIGN_STYLE = Automatic;
				INFOPLIST_FILE = TempConverter/Info.plist;
				LD_RUNPATH_SEARCH_PATHS = (
					"$(inherited)",
					"@executable_path/Frameworks",
				);
				PRODUCT_BUNDLE_IDENTIFIER = tempconverter.TempConverter;
				PRODUCT_NAME = "$(TARGET_NAME)";
				SWIFT_VERSION = 4.2;
				TARGETED_DEVICE_FAMILY = "1,2";
			};
			name = Release;
		};
		B86C9F312203BA56001D645C /* Debug */ = {
			isa = XCBuildConfiguration;
			buildSettings = {
				ALWAYS_EMBED_SWIFT_STANDARD_LIBRARIES = YES;
				BUNDLE_LOADER = "$(TEST_HOST)";
				CODE_SIGN_STYLE = Automatic;
				INFOPLIST_FILE = TempConverterTests/Info.plist;
				LD_RUNPATH_SEARCH_PATHS = (
					"$(inherited)",
					"@executable_path/Frameworks",
					"@loader_path/Frameworks",
				);
				PRODUCT_BUNDLE_IDENTIFIER = tempconverter.TempConverterTests;
				PRODUCT_NAME = "$(TARGET_NAME)";
				SWIFT_VERSION = 4.2;
				TARGETED_DEVICE_FAMILY = "1,2";
				TEST_HOST = "$(BUILT_PRODUCTS_DIR)/TempConverter.app/TempConverter";
			};
			name = Debug;
		};
		B86C9F322203BA56001D645C /* Release */ = {
			isa = XCBuildConfiguration;
			buildSettings = {
				ALWAYS_EMBED_SWIFT_STANDARD_LIBRARIES = YES;
				BUNDLE_LOADER = "$(TEST_HOST)";
				CODE_SIGN_STYLE = Automatic;
				INFOPLIST_FILE = TempConverterTests/Info.plist;
				LD_RUNPATH_SEARCH_PATHS = (
					"$(inherited)",
					"@executable_path/Frameworks",
					"@loader_path/Frameworks",
				);
				PRODUCT_BUNDLE_IDENTIFIER = tempconverter.TempConverterTests;
				PRODUCT_NAME = "$(TARGET_NAME)";
				SWIFT_VERSION = 4.2;
				TARGETED_DEVICE_FAMILY = "1,2";
				TEST_HOST = "$(BUILT_PRODUCTS_DIR)/TempConverter.app/TempConverter";
			};
			name = Release;
		};
		B86C9F342203BA56001D645C /* Debug */ = {
			isa = XCBuildConfiguration;
			buildSettings = {
				ALWAYS_EMBED_SWIFT_STANDARD_LIBRARIES = YES;
				CODE_SIGN_STYLE = Automatic;
				INFOPLIST_FILE = TempConverterUITests/Info.plist;
				LD_RUNPATH_SEARCH_PATHS = (
					"$(inherited)",
					"@executable_path/Frameworks",
					"@loader_path/Frameworks",
				);
				PRODUCT_BUNDLE_IDENTIFIER = tempconverter.TempConverterUITests;
				PRODUCT_NAME = "$(TARGET_NAME)";
				SWIFT_VERSION = 4.2;
				TARGETED_DEVICE_FAMILY = "1,2";
				TEST_TARGET_NAME = TempConverter;
			};
			name = Debug;
		};
		B86C9F352203BA56001D645C /* Release */ = {
			isa = XCBuildConfiguration;
			buildSettings = {
				ALWAYS_EMBED_SWIFT_STANDARD_LIBRARIES = YES;
				CODE_SIGN_STYLE = Automatic;
				INFOPLIST_FILE = TempConverterUITests/Info.plist;
				LD_RUNPATH_SEARCH_PATHS = (
					"$(inherited)",
					"@executable_path/Frameworks",
					"@loader_path/Frameworks",
				);
				PRODUCT_BUNDLE_IDENTIFIER = tempconverter.TempConverterUITests;
				PRODUCT_NAME = "$(TARGET_NAME)";
				SWIFT_VERSION = 4.2;
				TARGETED_DEVICE_FAMILY = "1,2";
				TEST_TARGET_NAME = TempConverter;
			};
			name = Release;
		};
/* End XCBuildConfiguration section */

/* Begin XCConfigurationList section */
		B86C9F002203BA55001D645C /* Build configuration list for PBXProject "TempConverter" */ = {
			isa = XCConfigurationList;
			buildConfigurations = (
				B86C9F2B2203BA56001D645C /* Debug */,
				B86C9F2C2203BA56001D645C /* Release */,
			);
			defaultConfigurationIsVisible = 0;
			defaultConfigurationName = Release;
		};
		B86C9F2D2203BA56001D645C /* Build configuration list for PBXNativeTarget "TempConverter" */ = {
			isa = XCConfigurationList;
			buildConfigurations = (
				B86C9F2E2203BA56001D645C /* Debug */,
				B86C9F2F2203BA56001D645C /* Release */,
			);
			defaultConfigurationIsVisible = 0;
			defaultConfigurationName = Release;
		};
		B86C9F302203BA56001D645C /* Build configuration list for PBXNativeTarget "TempConverterTests" */ = {
			isa = XCConfigurationList;
			buildConfigurations = (
				B86C9F312203BA56001D645C /* Debug */,
				B86C9F322203BA56001D645C /* Release */,
			);
			defaultConfigurationIsVisible = 0;
			defaultConfigurationName = Release;
		};
		B86C9F332203BA56001D645C /* Build configuration list for PBXNativeTarget "TempConverterUITests" */ = {
			isa = XCConfigurationList;
			buildConfigurations = (
				B86C9F342203BA56001D645C /* Debug */,
				B86C9F352203BA56001D645C /* Release */,
			);
			defaultConfigurationIsVisible = 0;
			defaultConfigurationName = Release;
		};
/* End XCConfigurationList section */
	};
	rootObject = B86C9EFD2203BA55001D645C /* Project object */;
}
